// !$*UTF8*$!
{
	archiveVersion = 1;
	classes = {
	};
	objectVersion = 51;
	objects = {

/* Begin PBXBuildFile section */
		04EC7CE2FE594C9DF196F9BF /* Pods_R2_D2_R2_D2UITests.framework in Frameworks */ = {isa = PBXBuildFile; fileRef = A6792AD5E6B9B8165D43EA8A /* Pods_R2_D2_R2_D2UITests.framework */; };
		93A9A8B1E21E9C391326C170 /* Pods_R2_D2Tests.framework in Frameworks */ = {isa = PBXBuildFile; fileRef = E08D3DB099208F8F7C10491F /* Pods_R2_D2Tests.framework */; };
		BF5F9598F91648412DE3A8C2 /* Pods_R2_D2.framework in Frameworks */ = {isa = PBXBuildFile; fileRef = F12C50A6A4B6D522117D94BE /* Pods_R2_D2.framework */; };
		FF17FC69238CA1D800B6A100 /* ViewController.swift in Sources */ = {isa = PBXBuildFile; fileRef = FF17FC68238CA1D800B6A100 /* ViewController.swift */; };
		FF48DA69238B31030053475F /* AppDelegate.swift in Sources */ = {isa = PBXBuildFile; fileRef = FF48DA68238B31030053475F /* AppDelegate.swift */; };
		FF48DA6B238B31030053475F /* SceneDelegate.swift in Sources */ = {isa = PBXBuildFile; fileRef = FF48DA6A238B31030053475F /* SceneDelegate.swift */; };
		FF48DA74238B31050053475F /* Assets.xcassets in Resources */ = {isa = PBXBuildFile; fileRef = FF48DA73238B31050053475F /* Assets.xcassets */; };
		FF48DA77238B31050053475F /* LaunchScreen.storyboard in Resources */ = {isa = PBXBuildFile; fileRef = FF48DA75238B31050053475F /* LaunchScreen.storyboard */; };
		FF48DA82238B31050053475F /* R2_D2Tests.swift in Sources */ = {isa = PBXBuildFile; fileRef = FF48DA81238B31050053475F /* R2_D2Tests.swift */; };
		FF48DA8D238B31050053475F /* R2_D2UITests.swift in Sources */ = {isa = PBXBuildFile; fileRef = FF48DA8C238B31050053475F /* R2_D2UITests.swift */; };
		FF86EEE3239444C600254FC5 /* JoystickScene.swift in Sources */ = {isa = PBXBuildFile; fileRef = FF86EEE2239444C600254FC5 /* JoystickScene.swift */; };
/* End PBXBuildFile section */

/* Begin PBXContainerItemProxy section */
		FF48DA7E238B31050053475F /* PBXContainerItemProxy */ = {
			isa = PBXContainerItemProxy;
			containerPortal = FF48DA5D238B31030053475F /* Project object */;
			proxyType = 1;
			remoteGlobalIDString = FF48DA64238B31030053475F;
			remoteInfo = "R2-D2";
		};
		FF48DA89238B31050053475F /* PBXContainerItemProxy */ = {
			isa = PBXContainerItemProxy;
			containerPortal = FF48DA5D238B31030053475F /* Project object */;
			proxyType = 1;
			remoteGlobalIDString = FF48DA64238B31030053475F;
			remoteInfo = "R2-D2";
		};
/* End PBXContainerItemProxy section */

/* Begin PBXFileReference section */
		0BBCAE2A3567C50BB0B26562 /* Pods-R2-D2-R2-D2UITests.release.xcconfig */ = {isa = PBXFileReference; includeInIndex = 1; lastKnownFileType = text.xcconfig; name = "Pods-R2-D2-R2-D2UITests.release.xcconfig"; path = "Target Support Files/Pods-R2-D2-R2-D2UITests/Pods-R2-D2-R2-D2UITests.release.xcconfig"; sourceTree = "<group>"; };
		1D7FFE89A5B93A424F11A610 /* Pods-R2-D2-R2-D2UITests.debug.xcconfig */ = {isa = PBXFileReference; includeInIndex = 1; lastKnownFileType = text.xcconfig; name = "Pods-R2-D2-R2-D2UITests.debug.xcconfig"; path = "Target Support Files/Pods-R2-D2-R2-D2UITests/Pods-R2-D2-R2-D2UITests.debug.xcconfig"; sourceTree = "<group>"; };
		2653D8227D80BB988C29334F /* Pods-R2-D2Tests.release.xcconfig */ = {isa = PBXFileReference; includeInIndex = 1; lastKnownFileType = text.xcconfig; name = "Pods-R2-D2Tests.release.xcconfig"; path = "Target Support Files/Pods-R2-D2Tests/Pods-R2-D2Tests.release.xcconfig"; sourceTree = "<group>"; };
		4D47822B2E800D21C24D9759 /* Pods-R2-D2.release.xcconfig */ = {isa = PBXFileReference; includeInIndex = 1; lastKnownFileType = text.xcconfig; name = "Pods-R2-D2.release.xcconfig"; path = "Target Support Files/Pods-R2-D2/Pods-R2-D2.release.xcconfig"; sourceTree = "<group>"; };
		A6792AD5E6B9B8165D43EA8A /* Pods_R2_D2_R2_D2UITests.framework */ = {isa = PBXFileReference; explicitFileType = wrapper.framework; includeInIndex = 0; path = Pods_R2_D2_R2_D2UITests.framework; sourceTree = BUILT_PRODUCTS_DIR; };
		A7A14EB3E6CCE8F703A87ED6 /* Pods-R2-D2Tests.debug.xcconfig */ = {isa = PBXFileReference; includeInIndex = 1; lastKnownFileType = text.xcconfig; name = "Pods-R2-D2Tests.debug.xcconfig"; path = "Target Support Files/Pods-R2-D2Tests/Pods-R2-D2Tests.debug.xcconfig"; sourceTree = "<group>"; };
		AF334EE49301BE5F590249A7 /* Pods-R2-D2.debug.xcconfig */ = {isa = PBXFileReference; includeInIndex = 1; lastKnownFileType = text.xcconfig; name = "Pods-R2-D2.debug.xcconfig"; path = "Target Support Files/Pods-R2-D2/Pods-R2-D2.debug.xcconfig"; sourceTree = "<group>"; };
		E08D3DB099208F8F7C10491F /* Pods_R2_D2Tests.framework */ = {isa = PBXFileReference; explicitFileType = wrapper.framework; includeInIndex = 0; path = Pods_R2_D2Tests.framework; sourceTree = BUILT_PRODUCTS_DIR; };
		F12C50A6A4B6D522117D94BE /* Pods_R2_D2.framework */ = {isa = PBXFileReference; explicitFileType = wrapper.framework; includeInIndex = 0; path = Pods_R2_D2.framework; sourceTree = BUILT_PRODUCTS_DIR; };
		FF17FC68238CA1D800B6A100 /* ViewController.swift */ = {isa = PBXFileReference; lastKnownFileType = sourcecode.swift; path = ViewController.swift; sourceTree = "<group>"; };
		FF48DA65238B31030053475F /* R2-D2.app */ = {isa = PBXFileReference; explicitFileType = wrapper.application; includeInIndex = 0; path = "R2-D2.app"; sourceTree = BUILT_PRODUCTS_DIR; };
		FF48DA68238B31030053475F /* AppDelegate.swift */ = {isa = PBXFileReference; lastKnownFileType = sourcecode.swift; path = AppDelegate.swift; sourceTree = "<group>"; };
		FF48DA6A238B31030053475F /* SceneDelegate.swift */ = {isa = PBXFileReference; lastKnownFileType = sourcecode.swift; path = SceneDelegate.swift; sourceTree = "<group>"; };
		FF48DA73238B31050053475F /* Assets.xcassets */ = {isa = PBXFileReference; lastKnownFileType = folder.assetcatalog; path = Assets.xcassets; sourceTree = "<group>"; };
		FF48DA76238B31050053475F /* Base */ = {isa = PBXFileReference; lastKnownFileType = file.storyboard; name = Base; path = Base.lproj/LaunchScreen.storyboard; sourceTree = "<group>"; };
		FF48DA78238B31050053475F /* Info.plist */ = {isa = PBXFileReference; lastKnownFileType = text.plist.xml; path = Info.plist; sourceTree = "<group>"; };
		FF48DA7D238B31050053475F /* R2-D2Tests.xctest */ = {isa = PBXFileReference; explicitFileType = wrapper.cfbundle; includeInIndex = 0; path = "R2-D2Tests.xctest"; sourceTree = BUILT_PRODUCTS_DIR; };
		FF48DA81238B31050053475F /* R2_D2Tests.swift */ = {isa = PBXFileReference; lastKnownFileType = sourcecode.swift; path = R2_D2Tests.swift; sourceTree = "<group>"; };
		FF48DA83238B31050053475F /* Info.plist */ = {isa = PBXFileReference; lastKnownFileType = text.plist.xml; path = Info.plist; sourceTree = "<group>"; };
		FF48DA88238B31050053475F /* R2-D2UITests.xctest */ = {isa = PBXFileReference; explicitFileType = wrapper.cfbundle; includeInIndex = 0; path = "R2-D2UITests.xctest"; sourceTree = BUILT_PRODUCTS_DIR; };
		FF48DA8C238B31050053475F /* R2_D2UITests.swift */ = {isa = PBXFileReference; lastKnownFileType = sourcecode.swift; path = R2_D2UITests.swift; sourceTree = "<group>"; };
		FF48DA8E238B31050053475F /* Info.plist */ = {isa = PBXFileReference; lastKnownFileType = text.plist.xml; path = Info.plist; sourceTree = "<group>"; };
		FF86EEE2239444C600254FC5 /* JoystickScene.swift */ = {isa = PBXFileReference; lastKnownFileType = sourcecode.swift; path = JoystickScene.swift; sourceTree = "<group>"; };
/* End PBXFileReference section */

/* Begin PBXFrameworksBuildPhase section */
		FF48DA62238B31030053475F /* Frameworks */ = {
			isa = PBXFrameworksBuildPhase;
			buildActionMask = 2147483647;
			files = (
				BF5F9598F91648412DE3A8C2 /* Pods_R2_D2.framework in Frameworks */,
			);
			runOnlyForDeploymentPostprocessing = 0;
		};
		FF48DA7A238B31050053475F /* Frameworks */ = {
			isa = PBXFrameworksBuildPhase;
			buildActionMask = 2147483647;
			files = (
				93A9A8B1E21E9C391326C170 /* Pods_R2_D2Tests.framework in Frameworks */,
			);
			runOnlyForDeploymentPostprocessing = 0;
		};
		FF48DA85238B31050053475F /* Frameworks */ = {
			isa = PBXFrameworksBuildPhase;
			buildActionMask = 2147483647;
			files = (
				04EC7CE2FE594C9DF196F9BF /* Pods_R2_D2_R2_D2UITests.framework in Frameworks */,
			);
			runOnlyForDeploymentPostprocessing = 0;
		};
/* End PBXFrameworksBuildPhase section */

/* Begin PBXGroup section */
		8E57D1A8987B2F8407ABA8C1 /* Pods */ = {
			isa = PBXGroup;
			children = (
				AF334EE49301BE5F590249A7 /* Pods-R2-D2.debug.xcconfig */,
				4D47822B2E800D21C24D9759 /* Pods-R2-D2.release.xcconfig */,
				1D7FFE89A5B93A424F11A610 /* Pods-R2-D2-R2-D2UITests.debug.xcconfig */,
				0BBCAE2A3567C50BB0B26562 /* Pods-R2-D2-R2-D2UITests.release.xcconfig */,
				A7A14EB3E6CCE8F703A87ED6 /* Pods-R2-D2Tests.debug.xcconfig */,
				2653D8227D80BB988C29334F /* Pods-R2-D2Tests.release.xcconfig */,
			);
			path = Pods;
			sourceTree = "<group>";
		};
		B73C2FAC48B0011AA88AD202 /* Frameworks */ = {
			isa = PBXGroup;
			children = (
				F12C50A6A4B6D522117D94BE /* Pods_R2_D2.framework */,
				A6792AD5E6B9B8165D43EA8A /* Pods_R2_D2_R2_D2UITests.framework */,
				E08D3DB099208F8F7C10491F /* Pods_R2_D2Tests.framework */,
			);
			name = Frameworks;
			sourceTree = "<group>";
		};
		FF48DA5C238B31030053475F = {
			isa = PBXGroup;
			children = (
				FF48DA67238B31030053475F /* R2-D2 */,
				FF48DA80238B31050053475F /* R2-D2Tests */,
				FF48DA8B238B31050053475F /* R2-D2UITests */,
				FF48DA66238B31030053475F /* Products */,
				8E57D1A8987B2F8407ABA8C1 /* Pods */,
				B73C2FAC48B0011AA88AD202 /* Frameworks */,
			);
			sourceTree = "<group>";
		};
		FF48DA66238B31030053475F /* Products */ = {
			isa = PBXGroup;
			children = (
				FF48DA65238B31030053475F /* R2-D2.app */,
				FF48DA7D238B31050053475F /* R2-D2Tests.xctest */,
				FF48DA88238B31050053475F /* R2-D2UITests.xctest */,
			);
			name = Products;
			sourceTree = "<group>";
		};
		FF48DA67238B31030053475F /* R2-D2 */ = {
			isa = PBXGroup;
			children = (
				FF48DA68238B31030053475F /* AppDelegate.swift */,
				FF48DA6A238B31030053475F /* SceneDelegate.swift */,
				FF48DA73238B31050053475F /* Assets.xcassets */,
				FF48DA75238B31050053475F /* LaunchScreen.storyboard */,
				FF48DA78238B31050053475F /* Info.plist */,
				FF17FC68238CA1D800B6A100 /* ViewController.swift */,
				FF86EEE2239444C600254FC5 /* JoystickScene.swift */,
			);
			path = "R2-D2";
			sourceTree = "<group>";
		};
		FF48DA80238B31050053475F /* R2-D2Tests */ = {
			isa = PBXGroup;
			children = (
				FF48DA81238B31050053475F /* R2_D2Tests.swift */,
				FF48DA83238B31050053475F /* Info.plist */,
			);
			path = "R2-D2Tests";
			sourceTree = "<group>";
		};
		FF48DA8B238B31050053475F /* R2-D2UITests */ = {
			isa = PBXGroup;
			children = (
				FF48DA8C238B31050053475F /* R2_D2UITests.swift */,
				FF48DA8E238B31050053475F /* Info.plist */,
			);
			path = "R2-D2UITests";
			sourceTree = "<group>";
		};
/* End PBXGroup section */

/* Begin PBXNativeTarget section */
		FF48DA64238B31030053475F /* R2-D2 */ = {
			isa = PBXNativeTarget;
			buildConfigurationList = FF48DA91238B31050053475F /* Build configuration list for PBXNativeTarget "R2-D2" */;
			buildPhases = (
				0EBB03FA08C6D02C004AFD73 /* [CP] Check Pods Manifest.lock */,
				FF48DA61238B31030053475F /* Sources */,
				FF48DA62238B31030053475F /* Frameworks */,
				FF48DA63238B31030053475F /* Resources */,
				1FB03697CCCA95BC9EDCD3EA /* [CP] Embed Pods Frameworks */,
			);
			buildRules = (
			);
			dependencies = (
			);
			name = "R2-D2";
			productName = "R2-D2";
			productReference = FF48DA65238B31030053475F /* R2-D2.app */;
			productType = "com.apple.product-type.application";
		};
		FF48DA7C238B31050053475F /* R2-D2Tests */ = {
			isa = PBXNativeTarget;
			buildConfigurationList = FF48DA94238B31050053475F /* Build configuration list for PBXNativeTarget "R2-D2Tests" */;
			buildPhases = (
				6F61A6CAFFCF873221EBD554 /* [CP] Check Pods Manifest.lock */,
				FF48DA79238B31050053475F /* Sources */,
				FF48DA7A238B31050053475F /* Frameworks */,
				FF48DA7B238B31050053475F /* Resources */,
			);
			buildRules = (
			);
			dependencies = (
				FF48DA7F238B31050053475F /* PBXTargetDependency */,
			);
			name = "R2-D2Tests";
			productName = "R2-D2Tests";
			productReference = FF48DA7D238B31050053475F /* R2-D2Tests.xctest */;
			productType = "com.apple.product-type.bundle.unit-test";
		};
		FF48DA87238B31050053475F /* R2-D2UITests */ = {
			isa = PBXNativeTarget;
			buildConfigurationList = FF48DA97238B31050053475F /* Build configuration list for PBXNativeTarget "R2-D2UITests" */;
			buildPhases = (
				250C913F50D0B40E5597C2BF /* [CP] Check Pods Manifest.lock */,
				FF48DA84238B31050053475F /* Sources */,
				FF48DA85238B31050053475F /* Frameworks */,
				FF48DA86238B31050053475F /* Resources */,
				574898AD02A7D24B34F6F79A /* [CP] Embed Pods Frameworks */,
			);
			buildRules = (
			);
			dependencies = (
				FF48DA8A238B31050053475F /* PBXTargetDependency */,
			);
			name = "R2-D2UITests";
			productName = "R2-D2UITests";
			productReference = FF48DA88238B31050053475F /* R2-D2UITests.xctest */;
			productType = "com.apple.product-type.bundle.ui-testing";
		};
/* End PBXNativeTarget section */

/* Begin PBXProject section */
		FF48DA5D238B31030053475F /* Project object */ = {
			isa = PBXProject;
			attributes = {
				LastSwiftUpdateCheck = 1120;
				LastUpgradeCheck = 1120;
				ORGANIZATIONNAME = "Adam Castles";
				TargetAttributes = {
					FF48DA64238B31030053475F = {
						CreatedOnToolsVersion = 11.2.1;
					};
					FF48DA7C238B31050053475F = {
						CreatedOnToolsVersion = 11.2.1;
						TestTargetID = FF48DA64238B31030053475F;
					};
					FF48DA87238B31050053475F = {
						CreatedOnToolsVersion = 11.2.1;
						TestTargetID = FF48DA64238B31030053475F;
					};
				};
			};
			buildConfigurationList = FF48DA60238B31030053475F /* Build configuration list for PBXProject "R2-D2" */;
			compatibilityVersion = "Xcode 9.3";
			developmentRegion = en;
			hasScannedForEncodings = 0;
			knownRegions = (
				en,
				Base,
			);
			mainGroup = FF48DA5C238B31030053475F;
			productRefGroup = FF48DA66238B31030053475F /* Products */;
			projectDirPath = "";
			projectRoot = "";
			targets = (
				FF48DA64238B31030053475F /* R2-D2 */,
				FF48DA7C238B31050053475F /* R2-D2Tests */,
				FF48DA87238B31050053475F /* R2-D2UITests */,
			);
		};
/* End PBXProject section */

/* Begin PBXResourcesBuildPhase section */
		FF48DA63238B31030053475F /* Resources */ = {
			isa = PBXResourcesBuildPhase;
			buildActionMask = 2147483647;
			files = (
				FF48DA77238B31050053475F /* LaunchScreen.storyboard in Resources */,
				FF48DA74238B31050053475F /* Assets.xcassets in Resources */,
			);
			runOnlyForDeploymentPostprocessing = 0;
		};
		FF48DA7B238B31050053475F /* Resources */ = {
			isa = PBXResourcesBuildPhase;
			buildActionMask = 2147483647;
			files = (
			);
			runOnlyForDeploymentPostprocessing = 0;
		};
		FF48DA86238B31050053475F /* Resources */ = {
			isa = PBXResourcesBuildPhase;
			buildActionMask = 2147483647;
			files = (
			);
			runOnlyForDeploymentPostprocessing = 0;
		};
/* End PBXResourcesBuildPhase section */

/* Begin PBXShellScriptBuildPhase section */
		0EBB03FA08C6D02C004AFD73 /* [CP] Check Pods Manifest.lock */ = {
			isa = PBXShellScriptBuildPhase;
			buildActionMask = 2147483647;
			files = (
			);
			inputFileListPaths = (
			);
			inputPaths = (
				"${PODS_PODFILE_DIR_PATH}/Podfile.lock",
				"${PODS_ROOT}/Manifest.lock",
			);
			name = "[CP] Check Pods Manifest.lock";
			outputFileListPaths = (
			);
			outputPaths = (
				"$(DERIVED_FILE_DIR)/Pods-R2-D2-checkManifestLockResult.txt",
			);
			runOnlyForDeploymentPostprocessing = 0;
			shellPath = /bin/sh;
			shellScript = "diff \"${PODS_PODFILE_DIR_PATH}/Podfile.lock\" \"${PODS_ROOT}/Manifest.lock\" > /dev/null\nif [ $? != 0 ] ; then\n    # print error to STDERR\n    echo \"error: The sandbox is not in sync with the Podfile.lock. Run 'pod install' or update your CocoaPods installation.\" >&2\n    exit 1\nfi\n# This output is used by Xcode 'outputs' to avoid re-running this script phase.\necho \"SUCCESS\" > \"${SCRIPT_OUTPUT_FILE_0}\"\n";
			showEnvVarsInLog = 0;
		};
		1FB03697CCCA95BC9EDCD3EA /* [CP] Embed Pods Frameworks */ = {
			isa = PBXShellScriptBuildPhase;
			buildActionMask = 2147483647;
			files = (
			);
			inputFileListPaths = (
				"${PODS_ROOT}/Target Support Files/Pods-R2-D2/Pods-R2-D2-frameworks-${CONFIGURATION}-input-files.xcfilelist",
			);
			name = "[CP] Embed Pods Frameworks";
			outputFileListPaths = (
				"${PODS_ROOT}/Target Support Files/Pods-R2-D2/Pods-R2-D2-frameworks-${CONFIGURATION}-output-files.xcfilelist",
			);
			runOnlyForDeploymentPostprocessing = 0;
			shellPath = /bin/sh;
			shellScript = "\"${PODS_ROOT}/Target Support Files/Pods-R2-D2/Pods-R2-D2-frameworks.sh\"\n";
			showEnvVarsInLog = 0;
		};
		250C913F50D0B40E5597C2BF /* [CP] Check Pods Manifest.lock */ = {
			isa = PBXShellScriptBuildPhase;
			buildActionMask = 2147483647;
			files = (
			);
			inputFileListPaths = (
			);
			inputPaths = (
				"${PODS_PODFILE_DIR_PATH}/Podfile.lock",
				"${PODS_ROOT}/Manifest.lock",
			);
			name = "[CP] Check Pods Manifest.lock";
			outputFileListPaths = (
			);
			outputPaths = (
				"$(DERIVED_FILE_DIR)/Pods-R2-D2-R2-D2UITests-checkManifestLockResult.txt",
			);
			runOnlyForDeploymentPostprocessing = 0;
			shellPath = /bin/sh;
			shellScript = "diff \"${PODS_PODFILE_DIR_PATH}/Podfile.lock\" \"${PODS_ROOT}/Manifest.lock\" > /dev/null\nif [ $? != 0 ] ; then\n    # print error to STDERR\n    echo \"error: The sandbox is not in sync with the Podfile.lock. Run 'pod install' or update your CocoaPods installation.\" >&2\n    exit 1\nfi\n# This output is used by Xcode 'outputs' to avoid re-running this script phase.\necho \"SUCCESS\" > \"${SCRIPT_OUTPUT_FILE_0}\"\n";
			showEnvVarsInLog = 0;
		};
		574898AD02A7D24B34F6F79A /* [CP] Embed Pods Frameworks */ = {
			isa = PBXShellScriptBuildPhase;
			buildActionMask = 2147483647;
			files = (
			);
			inputFileListPaths = (
				"${PODS_ROOT}/Target Support Files/Pods-R2-D2-R2-D2UITests/Pods-R2-D2-R2-D2UITests-frameworks-${CONFIGURATION}-input-files.xcfilelist",
			);
			name = "[CP] Embed Pods Frameworks";
			outputFileListPaths = (
				"${PODS_ROOT}/Target Support Files/Pods-R2-D2-R2-D2UITests/Pods-R2-D2-R2-D2UITests-frameworks-${CONFIGURATION}-output-files.xcfilelist",
			);
			runOnlyForDeploymentPostprocessing = 0;
			shellPath = /bin/sh;
			shellScript = "\"${PODS_ROOT}/Target Support Files/Pods-R2-D2-R2-D2UITests/Pods-R2-D2-R2-D2UITests-frameworks.sh\"\n";
			showEnvVarsInLog = 0;
		};
		6F61A6CAFFCF873221EBD554 /* [CP] Check Pods Manifest.lock */ = {
			isa = PBXShellScriptBuildPhase;
			buildActionMask = 2147483647;
			files = (
			);
			inputFileListPaths = (
			);
			inputPaths = (
				"${PODS_PODFILE_DIR_PATH}/Podfile.lock",
				"${PODS_ROOT}/Manifest.lock",
			);
			name = "[CP] Check Pods Manifest.lock";
			outputFileListPaths = (
			);
			outputPaths = (
				"$(DERIVED_FILE_DIR)/Pods-R2-D2Tests-checkManifestLockResult.txt",
			);
			runOnlyForDeploymentPostprocessing = 0;
			shellPath = /bin/sh;
			shellScript = "diff \"${PODS_PODFILE_DIR_PATH}/Podfile.lock\" \"${PODS_ROOT}/Manifest.lock\" > /dev/null\nif [ $? != 0 ] ; then\n    # print error to STDERR\n    echo \"error: The sandbox is not in sync with the Podfile.lock. Run 'pod install' or update your CocoaPods installation.\" >&2\n    exit 1\nfi\n# This output is used by Xcode 'outputs' to avoid re-running this script phase.\necho \"SUCCESS\" > \"${SCRIPT_OUTPUT_FILE_0}\"\n";
			showEnvVarsInLog = 0;
		};
/* End PBXShellScriptBuildPhase section */

/* Begin PBXSourcesBuildPhase section */
		FF48DA61238B31030053475F /* Sources */ = {
			isa = PBXSourcesBuildPhase;
			buildActionMask = 2147483647;
			files = (
				FF86EEE3239444C600254FC5 /* JoystickScene.swift in Sources */,
				FF17FC69238CA1D800B6A100 /* ViewController.swift in Sources */,
				FF48DA69238B31030053475F /* AppDelegate.swift in Sources */,
				FF48DA6B238B31030053475F /* SceneDelegate.swift in Sources */,
			);
			runOnlyForDeploymentPostprocessing = 0;
		};
		FF48DA79238B31050053475F /* Sources */ = {
			isa = PBXSourcesBuildPhase;
			buildActionMask = 2147483647;
			files = (
				FF48DA82238B31050053475F /* R2_D2Tests.swift in Sources */,
			);
			runOnlyForDeploymentPostprocessing = 0;
		};
		FF48DA84238B31050053475F /* Sources */ = {
			isa = PBXSourcesBuildPhase;
			buildActionMask = 2147483647;
			files = (
				FF48DA8D238B31050053475F /* R2_D2UITests.swift in Sources */,
			);
			runOnlyForDeploymentPostprocessing = 0;
		};
/* End PBXSourcesBuildPhase section */

/* Begin PBXTargetDependency section */
		FF48DA7F238B31050053475F /* PBXTargetDependency */ = {
			isa = PBXTargetDependency;
			target = FF48DA64238B31030053475F /* R2-D2 */;
			targetProxy = FF48DA7E238B31050053475F /* PBXContainerItemProxy */;
		};
		FF48DA8A238B31050053475F /* PBXTargetDependency */ = {
			isa = PBXTargetDependency;
			target = FF48DA64238B31030053475F /* R2-D2 */;
			targetProxy = FF48DA89238B31050053475F /* PBXContainerItemProxy */;
		};
/* End PBXTargetDependency section */

/* Begin PBXVariantGroup section */
		FF48DA75238B31050053475F /* LaunchScreen.storyboard */ = {
			isa = PBXVariantGroup;
			children = (
				FF48DA76238B31050053475F /* Base */,
			);
			name = LaunchScreen.storyboard;
			sourceTree = "<group>";
		};
/* End PBXVariantGroup section */

/* Begin XCBuildConfiguration section */
		FF48DA8F238B31050053475F /* Debug */ = {
			isa = XCBuildConfiguration;
			buildSettings = {
				ALWAYS_SEARCH_USER_PATHS = NO;
				CLANG_ANALYZER_NONNULL = YES;
				CLANG_ANALYZER_NUMBER_OBJECT_CONVERSION = YES_AGGRESSIVE;
				CLANG_CXX_LANGUAGE_STANDARD = "gnu++14";
				CLANG_CXX_LIBRARY = "libc++";
				CLANG_ENABLE_MODULES = YES;
				CLANG_ENABLE_OBJC_ARC = YES;
				CLANG_ENABLE_OBJC_WEAK = YES;
				CLANG_WARN_BLOCK_CAPTURE_AUTORELEASING = YES;
				CLANG_WARN_BOOL_CONVERSION = YES;
				CLANG_WARN_COMMA = YES;
				CLANG_WARN_CONSTANT_CONVERSION = YES;
				CLANG_WARN_DEPRECATED_OBJC_IMPLEMENTATIONS = YES;
				CLANG_WARN_DIRECT_OBJC_ISA_USAGE = YES_ERROR;
				CLANG_WARN_DOCUMENTATION_COMMENTS = YES;
				CLANG_WARN_EMPTY_BODY = YES;
				CLANG_WARN_ENUM_CONVERSION = YES;
				CLANG_WARN_INFINITE_RECURSION = YES;
				CLANG_WARN_INT_CONVERSION = YES;
				CLANG_WARN_NON_LITERAL_NULL_CONVERSION = YES;
				CLANG_WARN_OBJC_IMPLICIT_RETAIN_SELF = YES;
				CLANG_WARN_OBJC_LITERAL_CONVERSION = YES;
				CLANG_WARN_OBJC_ROOT_CLASS = YES_ERROR;
				CLANG_WARN_RANGE_LOOP_ANALYSIS = YES;
				CLANG_WARN_STRICT_PROTOTYPES = YES;
				CLANG_WARN_SUSPICIOUS_MOVE = YES;
				CLANG_WARN_UNGUARDED_AVAILABILITY = YES_AGGRESSIVE;
				CLANG_WARN_UNREACHABLE_CODE = YES;
				CLANG_WARN__DUPLICATE_METHOD_MATCH = YES;
				COPY_PHASE_STRIP = NO;
				DEBUG_INFORMATION_FORMAT = dwarf;
				ENABLE_STRICT_OBJC_MSGSEND = YES;
				ENABLE_TESTABILITY = YES;
				GCC_C_LANGUAGE_STANDARD = gnu11;
				GCC_DYNAMIC_NO_PIC = NO;
				GCC_NO_COMMON_BLOCKS = YES;
				GCC_OPTIMIZATION_LEVEL = 0;
				GCC_PREPROCESSOR_DEFINITIONS = (
					"DEBUG=1",
					"$(inherited)",
				);
				GCC_WARN_64_TO_32_BIT_CONVERSION = YES;
				GCC_WARN_ABOUT_RETURN_TYPE = YES_ERROR;
				GCC_WARN_UNDECLARED_SELECTOR = YES;
				GCC_WARN_UNINITIALIZED_AUTOS = YES_AGGRESSIVE;
				GCC_WARN_UNUSED_FUNCTION = YES;
				GCC_WARN_UNUSED_VARIABLE = YES;
				IPHONEOS_DEPLOYMENT_TARGET = 13.2;
				MTL_ENABLE_DEBUG_INFO = INCLUDE_SOURCE;
				MTL_FAST_MATH = YES;
				ONLY_ACTIVE_ARCH = YES;
				SDKROOT = iphoneos;
				SWIFT_ACTIVE_COMPILATION_CONDITIONS = DEBUG;
				SWIFT_OPTIMIZATION_LEVEL = "-Onone";
			};
			name = Debug;
		};
		FF48DA90238B31050053475F /* Release */ = {
			isa = XCBuildConfiguration;
			buildSettings = {
				ALWAYS_SEARCH_USER_PATHS = NO;
				CLANG_ANALYZER_NONNULL = YES;
				CLANG_ANALYZER_NUMBER_OBJECT_CONVERSION = YES_AGGRESSIVE;
				CLANG_CXX_LANGUAGE_STANDARD = "gnu++14";
				CLANG_CXX_LIBRARY = "libc++";
				CLANG_ENABLE_MODULES = YES;
				CLANG_ENABLE_OBJC_ARC = YES;
				CLANG_ENABLE_OBJC_WEAK = YES;
				CLANG_WARN_BLOCK_CAPTURE_AUTORELEASING = YES;
				CLANG_WARN_BOOL_CONVERSION = YES;
				CLANG_WARN_COMMA = YES;
				CLANG_WARN_CONSTANT_CONVERSION = YES;
				CLANG_WARN_DEPRECATED_OBJC_IMPLEMENTATIONS = YES;
				CLANG_WARN_DIRECT_OBJC_ISA_USAGE = YES_ERROR;
				CLANG_WARN_DOCUMENTATION_COMMENTS = YES;
				CLANG_WARN_EMPTY_BODY = YES;
				CLANG_WARN_ENUM_CONVERSION = YES;
				CLANG_WARN_INFINITE_RECURSION = YES;
				CLANG_WARN_INT_CONVERSION = YES;
				CLANG_WARN_NON_LITERAL_NULL_CONVERSION = YES;
				CLANG_WARN_OBJC_IMPLICIT_RETAIN_SELF = YES;
				CLANG_WARN_OBJC_LITERAL_CONVERSION = YES;
				CLANG_WARN_OBJC_ROOT_CLASS = YES_ERROR;
				CLANG_WARN_RANGE_LOOP_ANALYSIS = YES;
				CLANG_WARN_STRICT_PROTOTYPES = YES;
				CLANG_WARN_SUSPICIOUS_MOVE = YES;
				CLANG_WARN_UNGUARDED_AVAILABILITY = YES_AGGRESSIVE;
				CLANG_WARN_UNREACHABLE_CODE = YES;
				CLANG_WARN__DUPLICATE_METHOD_MATCH = YES;
				COPY_PHASE_STRIP = NO;
				DEBUG_INFORMATION_FORMAT = "dwarf-with-dsym";
				ENABLE_NS_ASSERTIONS = NO;
				ENABLE_STRICT_OBJC_MSGSEND = YES;
				GCC_C_LANGUAGE_STANDARD = gnu11;
				GCC_NO_COMMON_BLOCKS = YES;
				GCC_WARN_64_TO_32_BIT_CONVERSION = YES;
				GCC_WARN_ABOUT_RETURN_TYPE = YES_ERROR;
				GCC_WARN_UNDECLARED_SELECTOR = YES;
				GCC_WARN_UNINITIALIZED_AUTOS = YES_AGGRESSIVE;
				GCC_WARN_UNUSED_FUNCTION = YES;
				GCC_WARN_UNUSED_VARIABLE = YES;
				IPHONEOS_DEPLOYMENT_TARGET = 13.2;
				MTL_ENABLE_DEBUG_INFO = NO;
				MTL_FAST_MATH = YES;
				SDKROOT = iphoneos;
				SWIFT_COMPILATION_MODE = wholemodule;
				SWIFT_OPTIMIZATION_LEVEL = "-O";
				VALIDATE_PRODUCT = YES;
			};
			name = Release;
		};
		FF48DA92238B31050053475F /* Debug */ = {
			isa = XCBuildConfiguration;
			baseConfigurationReference = AF334EE49301BE5F590249A7 /* Pods-R2-D2.debug.xcconfig */;
			buildSettings = {
				ASSETCATALOG_COMPILER_APPICON_NAME = AppIcon;
				CODE_SIGN_STYLE = Automatic;
				DEVELOPMENT_TEAM = 546MMDYW4B;
				INFOPLIST_FILE = "R2-D2/Info.plist";
				LD_RUNPATH_SEARCH_PATHS = (
					"$(inherited)",
					"@executable_path/Frameworks",
				);
				PRODUCT_BUNDLE_IDENTIFIER = "acastles.R2-D2";
				PRODUCT_NAME = "$(TARGET_NAME)";
				SWIFT_VERSION = 5.0;
				TARGETED_DEVICE_FAMILY = 1;
			};
			name = Debug;
		};
		FF48DA93238B31050053475F /* Release */ = {
			isa = XCBuildConfiguration;
			baseConfigurationReference = 4D47822B2E800D21C24D9759 /* Pods-R2-D2.release.xcconfig */;
			buildSettings = {
				ASSETCATALOG_COMPILER_APPICON_NAME = AppIcon;
				CODE_SIGN_STYLE = Automatic;
				DEVELOPMENT_TEAM = 546MMDYW4B;
				INFOPLIST_FILE = "R2-D2/Info.plist";
				LD_RUNPATH_SEARCH_PATHS = (
					"$(inherited)",
					"@executable_path/Frameworks",
				);
				PRODUCT_BUNDLE_IDENTIFIER = "acastles.R2-D2";
				PRODUCT_NAME = "$(TARGET_NAME)";
				SWIFT_VERSION = 5.0;
				TARGETED_DEVICE_FAMILY = 1;
			};
			name = Release;
		};
		FF48DA95238B31050053475F /* Debug */ = {
			isa = XCBuildConfiguration;
			baseConfigurationReference = A7A14EB3E6CCE8F703A87ED6 /* Pods-R2-D2Tests.debug.xcconfig */;
			buildSettings = {
				ALWAYS_EMBED_SWIFT_STANDARD_LIBRARIES = YES;
				BUNDLE_LOADER = "$(TEST_HOST)";
				CODE_SIGN_STYLE = Automatic;
				INFOPLIST_FILE = "R2-D2Tests/Info.plist";
				IPHONEOS_DEPLOYMENT_TARGET = 13.2;
				LD_RUNPATH_SEARCH_PATHS = (
					"$(inherited)",
					"@executable_path/Frameworks",
					"@loader_path/Frameworks",
				);
				PRODUCT_BUNDLE_IDENTIFIER = "acastles.R2-D2Tests";
				PRODUCT_NAME = "$(TARGET_NAME)";
				SWIFT_VERSION = 5.0;
				TARGETED_DEVICE_FAMILY = "1,2";
				TEST_HOST = "$(BUILT_PRODUCTS_DIR)/R2-D2.app/R2-D2";
			};
			name = Debug;
		};
		FF48DA96238B31050053475F /* Release */ = {
			isa = XCBuildConfiguration;
			baseConfigurationReference = 2653D8227D80BB988C29334F /* Pods-R2-D2Tests.release.xcconfig */;
			buildSettings = {
				ALWAYS_EMBED_SWIFT_STANDARD_LIBRARIES = YES;
				BUNDLE_LOADER = "$(TEST_HOST)";
				CODE_SIGN_STYLE = Automatic;
				INFOPLIST_FILE = "R2-D2Tests/Info.plist";
				IPHONEOS_DEPLOYMENT_TARGET = 13.2;
				LD_RUNPATH_SEARCH_PATHS = (
					"$(inherited)",
					"@executable_path/Frameworks",
					"@loader_path/Frameworks",
				);
				PRODUCT_BUNDLE_IDENTIFIER = "acastles.R2-D2Tests";
				PRODUCT_NAME = "$(TARGET_NAME)";
				SWIFT_VERSION = 5.0;
				TARGETED_DEVICE_FAMILY = "1,2";
				TEST_HOST = "$(BUILT_PRODUCTS_DIR)/R2-D2.app/R2-D2";
			};
			name = Release;
		};
		FF48DA98238B31050053475F /* Debug */ = {
			isa = XCBuildConfiguration;
			baseConfigurationReference = 1D7FFE89A5B93A424F11A610 /* Pods-R2-D2-R2-D2UITests.debug.xcconfig */;
			buildSettings = {
				ALWAYS_EMBED_SWIFT_STANDARD_LIBRARIES = YES;
				CODE_SIGN_STYLE = Automatic;
				INFOPLIST_FILE = "R2-D2UITests/Info.plist";
				LD_RUNPATH_SEARCH_PATHS = (
					"$(inherited)",
					"@executable_path/Frameworks",
					"@loader_path/Frameworks",
				);
				PRODUCT_BUNDLE_IDENTIFIER = "acastles.R2-D2UITests";
				PRODUCT_NAME = "$(TARGET_NAME)";
				SWIFT_VERSION = 5.0;
				TARGETED_DEVICE_FAMILY = "1,2";
				TEST_TARGET_NAME = "R2-D2";
			};
			name = Debug;
		};
		FF48DA99238B31050053475F /* Release */ = {
			isa = XCBuildConfiguration;
			baseConfigurationReference = 0BBCAE2A3567C50BB0B26562 /* Pods-R2-D2-R2-D2UITests.release.xcconfig */;
			buildSettings = {
				ALWAYS_EMBED_SWIFT_STANDARD_LIBRARIES = YES;
				CODE_SIGN_STYLE = Automatic;
				INFOPLIST_FILE = "R2-D2UITests/Info.plist";
				LD_RUNPATH_SEARCH_PATHS = (
					"$(inherited)",
					"@executable_path/Frameworks",
					"@loader_path/Frameworks",
				);
				PRODUCT_BUNDLE_IDENTIFIER = "acastles.R2-D2UITests";
				PRODUCT_NAME = "$(TARGET_NAME)";
				SWIFT_VERSION = 5.0;
				TARGETED_DEVICE_FAMILY = "1,2";
				TEST_TARGET_NAME = "R2-D2";
			};
			name = Release;
		};
/* End XCBuildConfiguration section */

/* Begin XCConfigurationList section */
		FF48DA60238B31030053475F /* Build configuration list for PBXProject "R2-D2" */ = {
			isa = XCConfigurationList;
			buildConfigurations = (
				FF48DA8F238B31050053475F /* Debug */,
				FF48DA90238B31050053475F /* Release */,
			);
			defaultConfigurationIsVisible = 0;
			defaultConfigurationName = Release;
		};
		FF48DA91238B31050053475F /* Build configuration list for PBXNativeTarget "R2-D2" */ = {
			isa = XCConfigurationList;
			buildConfigurations = (
				FF48DA92238B31050053475F /* Debug */,
				FF48DA93238B31050053475F /* Release */,
			);
			defaultConfigurationIsVisible = 0;
			defaultConfigurationName = Release;
		};
		FF48DA94238B31050053475F /* Build configuration list for PBXNativeTarget "R2-D2Tests" */ = {
			isa = XCConfigurationList;
			buildConfigurations = (
				FF48DA95238B31050053475F /* Debug */,
				FF48DA96238B31050053475F /* Release */,
			);
			defaultConfigurationIsVisible = 0;
			defaultConfigurationName = Release;
		};
		FF48DA97238B31050053475F /* Build configuration list for PBXNativeTarget "R2-D2UITests" */ = {
			isa = XCConfigurationList;
			buildConfigurations = (
				FF48DA98238B31050053475F /* Debug */,
				FF48DA99238B31050053475F /* Release */,
			);
			defaultConfigurationIsVisible = 0;
			defaultConfigurationName = Release;
		};
/* End XCConfigurationList section */
	};
	rootObject = FF48DA5D238B31030053475F /* Project object */;
}
